// !$*UTF8*$!
{
	archiveVersion = 1;
	classes = {
	};
	objectVersion = 46;
	objects = {

/* Begin PBXBuildFile section */
		51717AB18D3441268926AA6D /* libPods.a in Frameworks */ = {isa = PBXBuildFile; fileRef = 0027185B941C4F758572F481 /* libPods.a */; };
		C818148619F635C0005218D8 /* UIAlertView+Blocks.m in Sources */ = {isa = PBXBuildFile; fileRef = C818148519F635C0005218D8 /* UIAlertView+Blocks.m */; };
		C81928F11A097212007588F7 /* IJDatePicker.m in Sources */ = {isa = PBXBuildFile; fileRef = C81928F01A097212007588F7 /* IJDatePicker.m */; };
		C82937C619FDE344007227F4 /* IJAllFoodViewController.m in Sources */ = {isa = PBXBuildFile; fileRef = C82937C519FDE344007227F4 /* IJAllFoodViewController.m */; };
		C8334E0319FF47D0002ADB64 /* RKDropdownAlert.m in Sources */ = {isa = PBXBuildFile; fileRef = C8334E0219FF47D0002ADB64 /* RKDropdownAlert.m */; };
		C83E20F71A1B9E8F000D018D /* UIColor+iJumboColors.m in Sources */ = {isa = PBXBuildFile; fileRef = C83E20F61A1B9E8F000D018D /* UIColor+iJumboColors.m */; };
		C841812419A58CAE007EB13E /* IJCacheManager.m in Sources */ = {isa = PBXBuildFile; fileRef = C841812319A58CAE007EB13E /* IJCacheManager.m */; };
		C8487ACE19A06F10008F034E /* IJEventTableViewCell.m in Sources */ = {isa = PBXBuildFile; fileRef = C8487ACD19A06F10008F034E /* IJEventTableViewCell.m */; };
		C8487AD119A07399008F034E /* IJRecord.m in Sources */ = {isa = PBXBuildFile; fileRef = C8487AD019A07399008F034E /* IJRecord.m */; };
		C852A6A619A0FCD20048B1C3 /* UITableView+MainThreadReload.m in Sources */ = {isa = PBXBuildFile; fileRef = C852A6A519A0FCD20048B1C3 /* UITableView+MainThreadReload.m */; };
		C852A6A919A1099B0048B1C3 /* IJLocationTableViewCell.m in Sources */ = {isa = PBXBuildFile; fileRef = C852A6A819A1099B0048B1C3 /* IJLocationTableViewCell.m */; };
		C852A6AF19A18CF30048B1C3 /* IJLink.m in Sources */ = {isa = PBXBuildFile; fileRef = C852A6AE19A18CF30048B1C3 /* IJLink.m */; };
		C852A6B219A192420048B1C3 /* IJLinkTableViewController.m in Sources */ = {isa = PBXBuildFile; fileRef = C852A6B119A192420048B1C3 /* IJLinkTableViewController.m */; };
		C852A6B519A193100048B1C3 /* IJLinkTableViewCell.m in Sources */ = {isa = PBXBuildFile; fileRef = C852A6B419A193100048B1C3 /* IJLinkTableViewCell.m */; };
		C864283B19EF4614003EE89C /* IJFoodItemViewController.m in Sources */ = {isa = PBXBuildFile; fileRef = C864283919EF4614003EE89C /* IJFoodItemViewController.m */; };
		C878609F19BF5401002B2A3C /* IJFoodItemTableViewCell.m in Sources */ = {isa = PBXBuildFile; fileRef = C878609E19BF5401002B2A3C /* IJFoodItemTableViewCell.m */; };
		C87BB9C819D364FE001BB67B /* IJTransportationCollectionViewController.m in Sources */ = {isa = PBXBuildFile; fileRef = C87BB9C719D364FE001BB67B /* IJTransportationCollectionViewController.m */; };
		C87BB9CB19D36F51001BB67B /* Crashlytics.framework in Frameworks */ = {isa = PBXBuildFile; fileRef = C87BB9CA19D36F51001BB67B /* Crashlytics.framework */; };
		C87D2F4319F30D0A00FC1910 /* IJMyFoodViewController.m in Sources */ = {isa = PBXBuildFile; fileRef = C87D2F4219F30D0A00FC1910 /* IJMyFoodViewController.m */; };
		C87E7CBE198C566500366DF7 /* Foundation.framework in Frameworks */ = {isa = PBXBuildFile; fileRef = C87E7CBD198C566500366DF7 /* Foundation.framework */; };
		C87E7CC0198C566500366DF7 /* CoreGraphics.framework in Frameworks */ = {isa = PBXBuildFile; fileRef = C87E7CBF198C566500366DF7 /* CoreGraphics.framework */; };
		C87E7CC2198C566500366DF7 /* UIKit.framework in Frameworks */ = {isa = PBXBuildFile; fileRef = C87E7CC1198C566500366DF7 /* UIKit.framework */; };
		C87E7CC4198C566500366DF7 /* CoreData.framework in Frameworks */ = {isa = PBXBuildFile; fileRef = C87E7CC3198C566500366DF7 /* CoreData.framework */; };
		C87E7CCA198C566500366DF7 /* InfoPlist.strings in Resources */ = {isa = PBXBuildFile; fileRef = C87E7CC8198C566500366DF7 /* InfoPlist.strings */; };
		C87E7CCC198C566500366DF7 /* main.m in Sources */ = {isa = PBXBuildFile; fileRef = C87E7CCB198C566500366DF7 /* main.m */; };
		C87E7CD0198C566500366DF7 /* IJAppDelegate.m in Sources */ = {isa = PBXBuildFile; fileRef = C87E7CCF198C566500366DF7 /* IJAppDelegate.m */; };
		C87E7CD3198C566500366DF7 /* iJumbo.xcdatamodeld in Sources */ = {isa = PBXBuildFile; fileRef = C87E7CD1198C566500366DF7 /* iJumbo.xcdatamodeld */; };
		C87E7CD5198C566500366DF7 /* Images.xcassets in Resources */ = {isa = PBXBuildFile; fileRef = C87E7CD4198C566500366DF7 /* Images.xcassets */; };
		C87E7CDC198C566500366DF7 /* XCTest.framework in Frameworks */ = {isa = PBXBuildFile; fileRef = C87E7CDB198C566500366DF7 /* XCTest.framework */; };
		C87E7CDD198C566500366DF7 /* Foundation.framework in Frameworks */ = {isa = PBXBuildFile; fileRef = C87E7CBD198C566500366DF7 /* Foundation.framework */; };
		C87E7CDE198C566500366DF7 /* UIKit.framework in Frameworks */ = {isa = PBXBuildFile; fileRef = C87E7CC1198C566500366DF7 /* UIKit.framework */; };
		C87E7CDF198C566500366DF7 /* CoreData.framework in Frameworks */ = {isa = PBXBuildFile; fileRef = C87E7CC3198C566500366DF7 /* CoreData.framework */; };
		C87E7CE7198C566600366DF7 /* InfoPlist.strings in Resources */ = {isa = PBXBuildFile; fileRef = C87E7CE5198C566600366DF7 /* InfoPlist.strings */; };
		C87E7CE9198C566600366DF7 /* iJumboTests.m in Sources */ = {isa = PBXBuildFile; fileRef = C87E7CE8198C566600366DF7 /* iJumboTests.m */; };
		C884073E19E5F6A0002545AD /* TemplateIcon2x.png in Resources */ = {isa = PBXBuildFile; fileRef = C884073C19E5F6A0002545AD /* TemplateIcon2x.png */; };
		C884074D19E64B96002545AD /* OpenInChromeController.m in Sources */ = {isa = PBXBuildFile; fileRef = C884074C19E64B96002545AD /* OpenInChromeController.m */; };
		C88651581A0C156700C55A96 /* MapKit.framework in Frameworks */ = {isa = PBXBuildFile; fileRef = C88651571A0C156700C55A96 /* MapKit.framework */; };
		C887F45E19D22B8F00D82898 /* IJLinkCollectionViewCell.m in Sources */ = {isa = PBXBuildFile; fileRef = C887F45D19D22B8F00D82898 /* IJLinkCollectionViewCell.m */; };
		C898760B19B1256800CB425E /* IJMenuTableViewController.m in Sources */ = {isa = PBXBuildFile; fileRef = C898760A19B1256800CB425E /* IJMenuTableViewController.m */; };
		C8B7000419A03D8A0004FE76 /* Roboto-Black.ttf in Resources */ = {isa = PBXBuildFile; fileRef = C8B7FFF819A03D8A0004FE76 /* Roboto-Black.ttf */; };
		C8B7000519A03D8A0004FE76 /* Roboto-BlackItalic.ttf in Resources */ = {isa = PBXBuildFile; fileRef = C8B7FFF919A03D8A0004FE76 /* Roboto-BlackItalic.ttf */; };
		C8B7000619A03D8A0004FE76 /* Roboto-Bold.ttf in Resources */ = {isa = PBXBuildFile; fileRef = C8B7FFFA19A03D8A0004FE76 /* Roboto-Bold.ttf */; };
		C8B7000719A03D8A0004FE76 /* Roboto-BoldItalic.ttf in Resources */ = {isa = PBXBuildFile; fileRef = C8B7FFFB19A03D8A0004FE76 /* Roboto-BoldItalic.ttf */; };
		C8B7000819A03D8A0004FE76 /* Roboto-Italic.ttf in Resources */ = {isa = PBXBuildFile; fileRef = C8B7FFFC19A03D8A0004FE76 /* Roboto-Italic.ttf */; };
		C8B7000919A03D8A0004FE76 /* Roboto-Light.ttf in Resources */ = {isa = PBXBuildFile; fileRef = C8B7FFFD19A03D8A0004FE76 /* Roboto-Light.ttf */; };
		C8B7000A19A03D8A0004FE76 /* Roboto-LightItalic.ttf in Resources */ = {isa = PBXBuildFile; fileRef = C8B7FFFE19A03D8A0004FE76 /* Roboto-LightItalic.ttf */; };
		C8B7000B19A03D8A0004FE76 /* Roboto-Medium.ttf in Resources */ = {isa = PBXBuildFile; fileRef = C8B7FFFF19A03D8A0004FE76 /* Roboto-Medium.ttf */; };
		C8B7000C19A03D8A0004FE76 /* Roboto-MediumItalic.ttf in Resources */ = {isa = PBXBuildFile; fileRef = C8B7000019A03D8A0004FE76 /* Roboto-MediumItalic.ttf */; };
		C8B7000D19A03D8A0004FE76 /* Roboto-Regular.ttf in Resources */ = {isa = PBXBuildFile; fileRef = C8B7000119A03D8A0004FE76 /* Roboto-Regular.ttf */; };
		C8B7000E19A03D8A0004FE76 /* Roboto-Thin.ttf in Resources */ = {isa = PBXBuildFile; fileRef = C8B7000219A03D8A0004FE76 /* Roboto-Thin.ttf */; };
		C8B7000F19A03D8A0004FE76 /* Roboto-ThinItalic.ttf in Resources */ = {isa = PBXBuildFile; fileRef = C8B7000319A03D8A0004FE76 /* Roboto-ThinItalic.ttf */; };
		C8B7FFF0199FE31E0004FE76 /* IJVariables.h in Sources */ = {isa = PBXBuildFile; fileRef = C8B7FFEF199FE2200004FE76 /* IJVariables.h */; };
		C8B7FFF319A030DB0004FE76 /* IJNavigationDelegate.m in Sources */ = {isa = PBXBuildFile; fileRef = C8B7FFF219A030DB0004FE76 /* IJNavigationDelegate.m */; };
		C8B7FFF619A0375B0004FE76 /* IJNewsTableViewCell.m in Sources */ = {isa = PBXBuildFile; fileRef = C8B7FFF519A0375B0004FE76 /* IJNewsTableViewCell.m */; };
		C8C783F719C16FA400A3898B /* UIFont+iJumboFonts.m in Sources */ = {isa = PBXBuildFile; fileRef = C8C783F619C16FA400A3898B /* UIFont+iJumboFonts.m */; };
		C8D2500C19E4568E00E708C6 /* IJJoeyTimeCollectionViewCell.m in Sources */ = {isa = PBXBuildFile; fileRef = C8D2500B19E4568E00E708C6 /* IJJoeyTimeCollectionViewCell.m */; };
		C8D67FB3199EC49F001C4FD2 /* IJEvent.m in Sources */ = {isa = PBXBuildFile; fileRef = C8D67FB2199EC49F001C4FD2 /* IJEvent.m */; };
		C8D67FB6199EC6F8001C4FD2 /* IJEventTableViewController.m in Sources */ = {isa = PBXBuildFile; fileRef = C8D67FB5199EC6F8001C4FD2 /* IJEventTableViewController.m */; };
		C8D67FB9199EE342001C4FD2 /* IJNewsTableViewController.m in Sources */ = {isa = PBXBuildFile; fileRef = C8D67FB8199EE342001C4FD2 /* IJNewsTableViewController.m */; };
		C8D67FBC199EE3EB001C4FD2 /* IJArticle.m in Sources */ = {isa = PBXBuildFile; fileRef = C8D67FBB199EE3EB001C4FD2 /* IJArticle.m */; };
		C8D67FBF199EED7C001C4FD2 /* UIView+AddSubviews.m in Sources */ = {isa = PBXBuildFile; fileRef = C8D67FBE199EED7C001C4FD2 /* UIView+AddSubviews.m */; };
		C8EE725C19D3C80900A36F57 /* IJMinutesTillCollectionViewCell.m in Sources */ = {isa = PBXBuildFile; fileRef = C8EE725B19D3C80900A36F57 /* IJMinutesTillCollectionViewCell.m */; };
		C8F0076B199DD47A006B7DC4 /* IJServer.m in Sources */ = {isa = PBXBuildFile; fileRef = C8F0076A199DD47A006B7DC4 /* IJServer.m */; };
		C8F00775199DD624006B7DC4 /* IJLocation.m in Sources */ = {isa = PBXBuildFile; fileRef = C8F00774199DD624006B7DC4 /* IJLocation.m */; };
		C8F00778199DD6F7006B7DC4 /* IJHours.m in Sources */ = {isa = PBXBuildFile; fileRef = C8F00777199DD6F7006B7DC4 /* IJHours.m */; };
		C8F0077B199DD735006B7DC4 /* IJRange.m in Sources */ = {isa = PBXBuildFile; fileRef = C8F0077A199DD735006B7DC4 /* IJRange.m */; };
		C8F0077E199DD872006B7DC4 /* IJHelper.m in Sources */ = {isa = PBXBuildFile; fileRef = C8F0077D199DD872006B7DC4 /* IJHelper.m */; };
		C8F00783199DDB3F006B7DC4 /* IJHomeViewController.m in Sources */ = {isa = PBXBuildFile; fileRef = C8F00782199DDB3F006B7DC4 /* IJHomeViewController.m */; };
		C8F00788199DDDE6006B7DC4 /* IJLocationTableViewController.m in Sources */ = {isa = PBXBuildFile; fileRef = C8F00787199DDDE6006B7DC4 /* IJLocationTableViewController.m */; };
		C8F073D11A1548EC00D34E03 /* locations.json in Resources */ = {isa = PBXBuildFile; fileRef = C8F073D01A1548EC00D34E03 /* locations.json */; };
		C8F073D31A15491E00D34E03 /* joey_schedule.json in Resources */ = {isa = PBXBuildFile; fileRef = C8F073D21A15491E00D34E03 /* joey_schedule.json */; };
		C8F073D51A15492F00D34E03 /* links.json in Resources */ = {isa = PBXBuildFile; fileRef = C8F073D41A15492F00D34E03 /* links.json */; };
		C8F073D61A15498E00D34E03 /* locations.json in CopyFiles */ = {isa = PBXBuildFile; fileRef = C8F073D01A1548EC00D34E03 /* locations.json */; };
		C8F073D71A15499000D34E03 /* joey_schedule.json in CopyFiles */ = {isa = PBXBuildFile; fileRef = C8F073D21A15491E00D34E03 /* joey_schedule.json */; };
		C8F073D81A15499200D34E03 /* links.json in CopyFiles */ = {isa = PBXBuildFile; fileRef = C8F073D41A15492F00D34E03 /* links.json */; };
		C8FADA6619BE91920000E2A8 /* IJFoodItem.m in Sources */ = {isa = PBXBuildFile; fileRef = C8FADA6519BE91920000E2A8 /* IJFoodItem.m */; };
		C8FADA6919BE91A00000E2A8 /* IJMenuSection.m in Sources */ = {isa = PBXBuildFile; fileRef = C8FADA6819BE91A00000E2A8 /* IJMenuSection.m */; };
		C8FADA6C19BECF530000E2A8 /* IJTableViewHeaderFooterView.m in Sources */ = {isa = PBXBuildFile; fileRef = C8FADA6B19BECF530000E2A8 /* IJTableViewHeaderFooterView.m */; };
		C8FB4FC119A24A5400AC043F /* IJLocationViewController.m in Sources */ = {isa = PBXBuildFile; fileRef = C8FB4FC019A24A5400AC043F /* IJLocationViewController.m */; };
		C8FB4FC419A24BC500AC043F /* UIView+Position.m in Sources */ = {isa = PBXBuildFile; fileRef = C8FB4FC319A24BC500AC043F /* UIView+Position.m */; };
		C8FB4FC819A2D64600AC043F /* IJViewController.m in Sources */ = {isa = PBXBuildFile; fileRef = C8FB4FC719A2D64600AC043F /* IJViewController.m */; };
		C8FB4FCB19A311F400AC043F /* IJWebViewController.m in Sources */ = {isa = PBXBuildFile; fileRef = C8FB4FCA19A311F400AC043F /* IJWebViewController.m */; };
		C8FB4FD119A465F000AC043F /* IJMapViewController.m in Sources */ = {isa = PBXBuildFile; fileRef = C8FB4FD019A465F000AC043F /* IJMapViewController.m */; };
		C8FB4FD419A46F3100AC043F /* IJEventViewController.m in Sources */ = {isa = PBXBuildFile; fileRef = C8FB4FD319A46F3100AC043F /* IJEventViewController.m */; };
		C8FFD0CF19F614A600B65BA5 /* UIActionSheet+Blocks.m in Sources */ = {isa = PBXBuildFile; fileRef = C8FFD0CE19F614A600B65BA5 /* UIActionSheet+Blocks.m */; };
/* End PBXBuildFile section */

/* Begin PBXContainerItemProxy section */
		C87E7CE0198C566500366DF7 /* PBXContainerItemProxy */ = {
			isa = PBXContainerItemProxy;
			containerPortal = C87E7CB2198C566500366DF7 /* Project object */;
			proxyType = 1;
			remoteGlobalIDString = C87E7CB9198C566500366DF7;
			remoteInfo = iJumbo;
		};
/* End PBXContainerItemProxy section */

/* Begin PBXCopyFilesBuildPhase section */
		C884074419E5F9FC002545AD /* CopyFiles */ = {
			isa = PBXCopyFilesBuildPhase;
			buildActionMask = 2147483647;
			dstPath = "";
			dstSubfolderSpec = 16;
			files = (
				C8F073D61A15498E00D34E03 /* locations.json in CopyFiles */,
				C8F073D71A15499000D34E03 /* joey_schedule.json in CopyFiles */,
				C8F073D81A15499200D34E03 /* links.json in CopyFiles */,
			);
			runOnlyForDeploymentPostprocessing = 0;
		};
/* End PBXCopyFilesBuildPhase section */

/* Begin PBXFileReference section */
		0027185B941C4F758572F481 /* libPods.a */ = {isa = PBXFileReference; explicitFileType = archive.ar; includeInIndex = 0; path = libPods.a; sourceTree = BUILT_PRODUCTS_DIR; };
		3CC4D3B4D8512561A29FED22 /* Pods.release.xcconfig */ = {isa = PBXFileReference; includeInIndex = 1; lastKnownFileType = text.xcconfig; name = Pods.release.xcconfig; path = "Pods/Target Support Files/Pods/Pods.release.xcconfig"; sourceTree = "<group>"; };
		A70662554892F8A4A191DAFB /* Pods.debug.xcconfig */ = {isa = PBXFileReference; includeInIndex = 1; lastKnownFileType = text.xcconfig; name = Pods.debug.xcconfig; path = "Pods/Target Support Files/Pods/Pods.debug.xcconfig"; sourceTree = "<group>"; };
		C818148419F635C0005218D8 /* UIAlertView+Blocks.h */ = {isa = PBXFileReference; fileEncoding = 4; lastKnownFileType = sourcecode.c.h; path = "UIAlertView+Blocks.h"; sourceTree = "<group>"; };
		C818148519F635C0005218D8 /* UIAlertView+Blocks.m */ = {isa = PBXFileReference; fileEncoding = 4; lastKnownFileType = sourcecode.c.objc; path = "UIAlertView+Blocks.m"; sourceTree = "<group>"; };
		C81928EF1A097212007588F7 /* IJDatePicker.h */ = {isa = PBXFileReference; fileEncoding = 4; lastKnownFileType = sourcecode.c.h; name = IJDatePicker.h; path = iJumbo/UI/Views/IJDatePicker.h; sourceTree = "<group>"; };
		C81928F01A097212007588F7 /* IJDatePicker.m */ = {isa = PBXFileReference; fileEncoding = 4; lastKnownFileType = sourcecode.c.objc; name = IJDatePicker.m; path = iJumbo/UI/Views/IJDatePicker.m; sourceTree = "<group>"; };
		C82937C419FDE344007227F4 /* IJAllFoodViewController.h */ = {isa = PBXFileReference; fileEncoding = 4; lastKnownFileType = sourcecode.c.h; name = IJAllFoodViewController.h; path = iJumbo/UI/ViewControllers/IJAllFoodViewController.h; sourceTree = "<group>"; };
		C82937C519FDE344007227F4 /* IJAllFoodViewController.m */ = {isa = PBXFileReference; fileEncoding = 4; lastKnownFileType = sourcecode.c.objc; name = IJAllFoodViewController.m; path = iJumbo/UI/ViewControllers/IJAllFoodViewController.m; sourceTree = "<group>"; };
		C8334E0119FF47D0002ADB64 /* RKDropdownAlert.h */ = {isa = PBXFileReference; fileEncoding = 4; lastKnownFileType = sourcecode.c.h; path = RKDropdownAlert.h; sourceTree = "<group>"; };
		C8334E0219FF47D0002ADB64 /* RKDropdownAlert.m */ = {isa = PBXFileReference; fileEncoding = 4; lastKnownFileType = sourcecode.c.objc; path = RKDropdownAlert.m; sourceTree = "<group>"; };
		C83E20F51A1B9E8F000D018D /* UIColor+iJumboColors.h */ = {isa = PBXFileReference; fileEncoding = 4; lastKnownFileType = sourcecode.c.h; name = "UIColor+iJumboColors.h"; path = "Categories/UIColor+iJumboColors.h"; sourceTree = "<group>"; };
		C83E20F61A1B9E8F000D018D /* UIColor+iJumboColors.m */ = {isa = PBXFileReference; fileEncoding = 4; lastKnownFileType = sourcecode.c.objc; name = "UIColor+iJumboColors.m"; path = "Categories/UIColor+iJumboColors.m"; sourceTree = "<group>"; };
		C841812219A58CAE007EB13E /* IJCacheManager.h */ = {isa = PBXFileReference; fileEncoding = 4; lastKnownFileType = sourcecode.c.h; name = IJCacheManager.h; path = Helpers/IJCacheManager.h; sourceTree = "<group>"; };
		C841812319A58CAE007EB13E /* IJCacheManager.m */ = {isa = PBXFileReference; fileEncoding = 4; lastKnownFileType = sourcecode.c.objc; name = IJCacheManager.m; path = Helpers/IJCacheManager.m; sourceTree = "<group>"; };
		C8487ACC19A06F10008F034E /* IJEventTableViewCell.h */ = {isa = PBXFileReference; fileEncoding = 4; lastKnownFileType = sourcecode.c.h; name = IJEventTableViewCell.h; path = iJumbo/UI/TableViewCells/IJEventTableViewCell.h; sourceTree = "<group>"; };
		C8487ACD19A06F10008F034E /* IJEventTableViewCell.m */ = {isa = PBXFileReference; fileEncoding = 4; lastKnownFileType = sourcecode.c.objc; name = IJEventTableViewCell.m; path = iJumbo/UI/TableViewCells/IJEventTableViewCell.m; sourceTree = "<group>"; };
		C8487ACF19A07399008F034E /* IJRecord.h */ = {isa = PBXFileReference; fileEncoding = 4; lastKnownFileType = sourcecode.c.h; name = IJRecord.h; path = Models/IJRecord.h; sourceTree = "<group>"; };
		C8487AD019A07399008F034E /* IJRecord.m */ = {isa = PBXFileReference; fileEncoding = 4; lastKnownFileType = sourcecode.c.objc; name = IJRecord.m; path = Models/IJRecord.m; sourceTree = "<group>"; };
		C852A6A419A0FCD20048B1C3 /* UITableView+MainThreadReload.h */ = {isa = PBXFileReference; fileEncoding = 4; lastKnownFileType = sourcecode.c.h; name = "UITableView+MainThreadReload.h"; path = "Categories/UITableView+MainThreadReload.h"; sourceTree = "<group>"; };
		C852A6A519A0FCD20048B1C3 /* UITableView+MainThreadReload.m */ = {isa = PBXFileReference; fileEncoding = 4; lastKnownFileType = sourcecode.c.objc; name = "UITableView+MainThreadReload.m"; path = "Categories/UITableView+MainThreadReload.m"; sourceTree = "<group>"; };
		C852A6A719A1099B0048B1C3 /* IJLocationTableViewCell.h */ = {isa = PBXFileReference; fileEncoding = 4; lastKnownFileType = sourcecode.c.h; name = IJLocationTableViewCell.h; path = iJumbo/UI/TableViewCells/IJLocationTableViewCell.h; sourceTree = "<group>"; };
		C852A6A819A1099B0048B1C3 /* IJLocationTableViewCell.m */ = {isa = PBXFileReference; fileEncoding = 4; lastKnownFileType = sourcecode.c.objc; name = IJLocationTableViewCell.m; path = iJumbo/UI/TableViewCells/IJLocationTableViewCell.m; sourceTree = "<group>"; };
		C852A6AD19A18CF30048B1C3 /* IJLink.h */ = {isa = PBXFileReference; fileEncoding = 4; lastKnownFileType = sourcecode.c.h; name = IJLink.h; path = Models/IJLink.h; sourceTree = "<group>"; };
		C852A6AE19A18CF30048B1C3 /* IJLink.m */ = {isa = PBXFileReference; fileEncoding = 4; lastKnownFileType = sourcecode.c.objc; name = IJLink.m; path = Models/IJLink.m; sourceTree = "<group>"; };
		C852A6B019A192420048B1C3 /* IJLinkTableViewController.h */ = {isa = PBXFileReference; fileEncoding = 4; lastKnownFileType = sourcecode.c.h; name = IJLinkTableViewController.h; path = iJumbo/UI/ViewControllers/IJLinkTableViewController.h; sourceTree = "<group>"; };
		C852A6B119A192420048B1C3 /* IJLinkTableViewController.m */ = {isa = PBXFileReference; fileEncoding = 4; lastKnownFileType = sourcecode.c.objc; name = IJLinkTableViewController.m; path = iJumbo/UI/ViewControllers/IJLinkTableViewController.m; sourceTree = "<group>"; };
		C852A6B319A193100048B1C3 /* IJLinkTableViewCell.h */ = {isa = PBXFileReference; fileEncoding = 4; lastKnownFileType = sourcecode.c.h; name = IJLinkTableViewCell.h; path = iJumbo/UI/TableViewCells/IJLinkTableViewCell.h; sourceTree = "<group>"; };
		C852A6B419A193100048B1C3 /* IJLinkTableViewCell.m */ = {isa = PBXFileReference; fileEncoding = 4; lastKnownFileType = sourcecode.c.objc; name = IJLinkTableViewCell.m; path = iJumbo/UI/TableViewCells/IJLinkTableViewCell.m; sourceTree = "<group>"; };
		C864283819EF4614003EE89C /* IJFoodItemViewController.h */ = {isa = PBXFileReference; fileEncoding = 4; lastKnownFileType = sourcecode.c.h; path = IJFoodItemViewController.h; sourceTree = "<group>"; };
		C864283919EF4614003EE89C /* IJFoodItemViewController.m */ = {isa = PBXFileReference; fileEncoding = 4; lastKnownFileType = sourcecode.c.objc; path = IJFoodItemViewController.m; sourceTree = "<group>"; };
		C878609D19BF5401002B2A3C /* IJFoodItemTableViewCell.h */ = {isa = PBXFileReference; fileEncoding = 4; lastKnownFileType = sourcecode.c.h; name = IJFoodItemTableViewCell.h; path = iJumbo/UI/TableViewCells/IJFoodItemTableViewCell.h; sourceTree = "<group>"; };
		C878609E19BF5401002B2A3C /* IJFoodItemTableViewCell.m */ = {isa = PBXFileReference; fileEncoding = 4; lastKnownFileType = sourcecode.c.objc; name = IJFoodItemTableViewCell.m; path = iJumbo/UI/TableViewCells/IJFoodItemTableViewCell.m; sourceTree = "<group>"; };
		C87BB9C619D364FE001BB67B /* IJTransportationCollectionViewController.h */ = {isa = PBXFileReference; fileEncoding = 4; lastKnownFileType = sourcecode.c.h; name = IJTransportationCollectionViewController.h; path = iJumbo/UI/ViewControllers/IJTransportationCollectionViewController.h; sourceTree = "<group>"; };
		C87BB9C719D364FE001BB67B /* IJTransportationCollectionViewController.m */ = {isa = PBXFileReference; fileEncoding = 4; lastKnownFileType = sourcecode.c.objc; name = IJTransportationCollectionViewController.m; path = iJumbo/UI/ViewControllers/IJTransportationCollectionViewController.m; sourceTree = "<group>"; };
		C87BB9CA19D36F51001BB67B /* Crashlytics.framework */ = {isa = PBXFileReference; lastKnownFileType = wrapper.framework; path = Crashlytics.framework; sourceTree = "<group>"; };
		C87D2F4119F30D0A00FC1910 /* IJMyFoodViewController.h */ = {isa = PBXFileReference; fileEncoding = 4; lastKnownFileType = sourcecode.c.h; path = IJMyFoodViewController.h; sourceTree = "<group>"; };
		C87D2F4219F30D0A00FC1910 /* IJMyFoodViewController.m */ = {isa = PBXFileReference; fileEncoding = 4; lastKnownFileType = sourcecode.c.objc; path = IJMyFoodViewController.m; sourceTree = "<group>"; };
		C87E7CBA198C566500366DF7 /* iJumbo.app */ = {isa = PBXFileReference; explicitFileType = wrapper.application; includeInIndex = 0; path = iJumbo.app; sourceTree = BUILT_PRODUCTS_DIR; };
		C87E7CBD198C566500366DF7 /* Foundation.framework */ = {isa = PBXFileReference; lastKnownFileType = wrapper.framework; name = Foundation.framework; path = System/Library/Frameworks/Foundation.framework; sourceTree = SDKROOT; };
		C87E7CBF198C566500366DF7 /* CoreGraphics.framework */ = {isa = PBXFileReference; lastKnownFileType = wrapper.framework; name = CoreGraphics.framework; path = System/Library/Frameworks/CoreGraphics.framework; sourceTree = SDKROOT; };
		C87E7CC1198C566500366DF7 /* UIKit.framework */ = {isa = PBXFileReference; lastKnownFileType = wrapper.framework; name = UIKit.framework; path = System/Library/Frameworks/UIKit.framework; sourceTree = SDKROOT; };
		C87E7CC3198C566500366DF7 /* CoreData.framework */ = {isa = PBXFileReference; lastKnownFileType = wrapper.framework; name = CoreData.framework; path = System/Library/Frameworks/CoreData.framework; sourceTree = SDKROOT; };
		C87E7CC7198C566500366DF7 /* iJumbo-Info.plist */ = {isa = PBXFileReference; lastKnownFileType = text.plist.xml; path = "iJumbo-Info.plist"; sourceTree = "<group>"; };
		C87E7CC9198C566500366DF7 /* en */ = {isa = PBXFileReference; lastKnownFileType = text.plist.strings; name = en; path = en.lproj/InfoPlist.strings; sourceTree = "<group>"; };
		C87E7CCB198C566500366DF7 /* main.m */ = {isa = PBXFileReference; lastKnownFileType = sourcecode.c.objc; path = main.m; sourceTree = "<group>"; };
		C87E7CCD198C566500366DF7 /* iJumbo-Prefix.pch */ = {isa = PBXFileReference; lastKnownFileType = sourcecode.c.h; path = "iJumbo-Prefix.pch"; sourceTree = "<group>"; };
		C87E7CCE198C566500366DF7 /* IJAppDelegate.h */ = {isa = PBXFileReference; lastKnownFileType = sourcecode.c.h; path = IJAppDelegate.h; sourceTree = "<group>"; };
		C87E7CCF198C566500366DF7 /* IJAppDelegate.m */ = {isa = PBXFileReference; lastKnownFileType = sourcecode.c.objc; path = IJAppDelegate.m; sourceTree = "<group>"; };
		C87E7CD2198C566500366DF7 /* iJumbo.xcdatamodel */ = {isa = PBXFileReference; lastKnownFileType = wrapper.xcdatamodel; path = iJumbo.xcdatamodel; sourceTree = "<group>"; };
		C87E7CD4198C566500366DF7 /* Images.xcassets */ = {isa = PBXFileReference; lastKnownFileType = folder.assetcatalog; path = Images.xcassets; sourceTree = "<group>"; };
		C87E7CDA198C566500366DF7 /* iJumboTests.xctest */ = {isa = PBXFileReference; explicitFileType = wrapper.cfbundle; includeInIndex = 0; path = iJumboTests.xctest; sourceTree = BUILT_PRODUCTS_DIR; };
		C87E7CDB198C566500366DF7 /* XCTest.framework */ = {isa = PBXFileReference; lastKnownFileType = wrapper.framework; name = XCTest.framework; path = Library/Frameworks/XCTest.framework; sourceTree = DEVELOPER_DIR; };
		C87E7CE4198C566600366DF7 /* iJumboTests-Info.plist */ = {isa = PBXFileReference; lastKnownFileType = text.plist.xml; path = "iJumboTests-Info.plist"; sourceTree = "<group>"; };
		C87E7CE6198C566600366DF7 /* en */ = {isa = PBXFileReference; lastKnownFileType = text.plist.strings; name = en; path = en.lproj/InfoPlist.strings; sourceTree = "<group>"; };
		C87E7CE8198C566600366DF7 /* iJumboTests.m */ = {isa = PBXFileReference; lastKnownFileType = sourcecode.c.objc; path = iJumboTests.m; sourceTree = "<group>"; };
		C884073C19E5F6A0002545AD /* TemplateIcon2x.png */ = {isa = PBXFileReference; lastKnownFileType = image.png; name = TemplateIcon2x.png; path = JSON/TemplateIcon2x.png; sourceTree = "<group>"; };
		C884074B19E64B95002545AD /* OpenInChromeController.h */ = {isa = PBXFileReference; fileEncoding = 4; lastKnownFileType = sourcecode.c.h; path = OpenInChromeController.h; sourceTree = "<group>"; };
		C884074C19E64B96002545AD /* OpenInChromeController.m */ = {isa = PBXFileReference; fileEncoding = 4; lastKnownFileType = sourcecode.c.objc; path = OpenInChromeController.m; sourceTree = "<group>"; };
		C88651571A0C156700C55A96 /* MapKit.framework */ = {isa = PBXFileReference; lastKnownFileType = wrapper.framework; name = MapKit.framework; path = System/Library/Frameworks/MapKit.framework; sourceTree = SDKROOT; };
		C887F45C19D22B8F00D82898 /* IJLinkCollectionViewCell.h */ = {isa = PBXFileReference; fileEncoding = 4; lastKnownFileType = sourcecode.c.h; name = IJLinkCollectionViewCell.h; path = iJumbo/UI/TableViewCells/IJLinkCollectionViewCell.h; sourceTree = "<group>"; };
		C887F45D19D22B8F00D82898 /* IJLinkCollectionViewCell.m */ = {isa = PBXFileReference; fileEncoding = 4; lastKnownFileType = sourcecode.c.objc; name = IJLinkCollectionViewCell.m; path = iJumbo/UI/TableViewCells/IJLinkCollectionViewCell.m; sourceTree = "<group>"; };
		C898760919B1256800CB425E /* IJMenuTableViewController.h */ = {isa = PBXFileReference; fileEncoding = 4; lastKnownFileType = sourcecode.c.h; name = IJMenuTableViewController.h; path = iJumbo/UI/ViewControllers/IJMenuTableViewController.h; sourceTree = "<group>"; };
		C898760A19B1256800CB425E /* IJMenuTableViewController.m */ = {isa = PBXFileReference; fileEncoding = 4; lastKnownFileType = sourcecode.c.objc; name = IJMenuTableViewController.m; path = iJumbo/UI/ViewControllers/IJMenuTableViewController.m; sourceTree = "<group>"; };
		C8B7000019A03D8A0004FE76 /* Roboto-MediumItalic.ttf */ = {isa = PBXFileReference; lastKnownFileType = file; path = "Roboto-MediumItalic.ttf"; sourceTree = "<group>"; };
		C8B7000119A03D8A0004FE76 /* Roboto-Regular.ttf */ = {isa = PBXFileReference; lastKnownFileType = file; path = "Roboto-Regular.ttf"; sourceTree = "<group>"; };
		C8B7000219A03D8A0004FE76 /* Roboto-Thin.ttf */ = {isa = PBXFileReference; lastKnownFileType = file; path = "Roboto-Thin.ttf"; sourceTree = "<group>"; };
		C8B7000319A03D8A0004FE76 /* Roboto-ThinItalic.ttf */ = {isa = PBXFileReference; lastKnownFileType = file; path = "Roboto-ThinItalic.ttf"; sourceTree = "<group>"; };
		C8B7FFEF199FE2200004FE76 /* IJVariables.h */ = {isa = PBXFileReference; lastKnownFileType = sourcecode.c.h; name = IJVariables.h; path = Helpers/IJVariables.h; sourceTree = "<group>"; };
		C8B7FFF119A030DB0004FE76 /* IJNavigationDelegate.h */ = {isa = PBXFileReference; fileEncoding = 4; lastKnownFileType = sourcecode.c.h; name = IJNavigationDelegate.h; path = iJumbo/Helpers/IJNavigationDelegate.h; sourceTree = "<group>"; };
		C8B7FFF219A030DB0004FE76 /* IJNavigationDelegate.m */ = {isa = PBXFileReference; fileEncoding = 4; lastKnownFileType = sourcecode.c.objc; name = IJNavigationDelegate.m; path = iJumbo/Helpers/IJNavigationDelegate.m; sourceTree = "<group>"; };
		C8B7FFF419A0375B0004FE76 /* IJNewsTableViewCell.h */ = {isa = PBXFileReference; fileEncoding = 4; lastKnownFileType = sourcecode.c.h; path = IJNewsTableViewCell.h; sourceTree = "<group>"; };
		C8B7FFF519A0375B0004FE76 /* IJNewsTableViewCell.m */ = {isa = PBXFileReference; fileEncoding = 4; lastKnownFileType = sourcecode.c.objc; path = IJNewsTableViewCell.m; sourceTree = "<group>"; };
		C8B7FFF819A03D8A0004FE76 /* Roboto-Black.ttf */ = {isa = PBXFileReference; lastKnownFileType = file; path = "Roboto-Black.ttf"; sourceTree = "<group>"; };
		C8B7FFF919A03D8A0004FE76 /* Roboto-BlackItalic.ttf */ = {isa = PBXFileReference; lastKnownFileType = file; path = "Roboto-BlackItalic.ttf"; sourceTree = "<group>"; };
		C8B7FFFA19A03D8A0004FE76 /* Roboto-Bold.ttf */ = {isa = PBXFileReference; lastKnownFileType = file; path = "Roboto-Bold.ttf"; sourceTree = "<group>"; };
		C8B7FFFB19A03D8A0004FE76 /* Roboto-BoldItalic.ttf */ = {isa = PBXFileReference; lastKnownFileType = file; path = "Roboto-BoldItalic.ttf"; sourceTree = "<group>"; };
		C8B7FFFC19A03D8A0004FE76 /* Roboto-Italic.ttf */ = {isa = PBXFileReference; lastKnownFileType = file; path = "Roboto-Italic.ttf"; sourceTree = "<group>"; };
		C8B7FFFD19A03D8A0004FE76 /* Roboto-Light.ttf */ = {isa = PBXFileReference; lastKnownFileType = file; path = "Roboto-Light.ttf"; sourceTree = "<group>"; };
		C8B7FFFE19A03D8A0004FE76 /* Roboto-LightItalic.ttf */ = {isa = PBXFileReference; lastKnownFileType = file; path = "Roboto-LightItalic.ttf"; sourceTree = "<group>"; };
		C8B7FFFF19A03D8A0004FE76 /* Roboto-Medium.ttf */ = {isa = PBXFileReference; lastKnownFileType = file; path = "Roboto-Medium.ttf"; sourceTree = "<group>"; };
		C8C783F519C16FA400A3898B /* UIFont+iJumboFonts.h */ = {isa = PBXFileReference; fileEncoding = 4; lastKnownFileType = sourcecode.c.h; name = "UIFont+iJumboFonts.h"; path = "Categories/UIFont+iJumboFonts.h"; sourceTree = "<group>"; };
		C8C783F619C16FA400A3898B /* UIFont+iJumboFonts.m */ = {isa = PBXFileReference; fileEncoding = 4; lastKnownFileType = sourcecode.c.objc; name = "UIFont+iJumboFonts.m"; path = "Categories/UIFont+iJumboFonts.m"; sourceTree = "<group>"; };
		C8D2500A19E4568E00E708C6 /* IJJoeyTimeCollectionViewCell.h */ = {isa = PBXFileReference; fileEncoding = 4; lastKnownFileType = sourcecode.c.h; name = IJJoeyTimeCollectionViewCell.h; path = iJumbo/UI/CollectionViewCells/IJJoeyTimeCollectionViewCell.h; sourceTree = "<group>"; };
		C8D2500B19E4568E00E708C6 /* IJJoeyTimeCollectionViewCell.m */ = {isa = PBXFileReference; fileEncoding = 4; lastKnownFileType = sourcecode.c.objc; name = IJJoeyTimeCollectionViewCell.m; path = iJumbo/UI/CollectionViewCells/IJJoeyTimeCollectionViewCell.m; sourceTree = "<group>"; };
		C8D67FB1199EC49F001C4FD2 /* IJEvent.h */ = {isa = PBXFileReference; fileEncoding = 4; lastKnownFileType = sourcecode.c.h; name = IJEvent.h; path = Models/IJEvent.h; sourceTree = "<group>"; };
		C8D67FB2199EC49F001C4FD2 /* IJEvent.m */ = {isa = PBXFileReference; fileEncoding = 4; lastKnownFileType = sourcecode.c.objc; name = IJEvent.m; path = Models/IJEvent.m; sourceTree = "<group>"; };
		C8D67FB4199EC6F8001C4FD2 /* IJEventTableViewController.h */ = {isa = PBXFileReference; fileEncoding = 4; lastKnownFileType = sourcecode.c.h; name = IJEventTableViewController.h; path = iJumbo/UI/ViewControllers/IJEventTableViewController.h; sourceTree = "<group>"; };
		C8D67FB5199EC6F8001C4FD2 /* IJEventTableViewController.m */ = {isa = PBXFileReference; fileEncoding = 4; lastKnownFileType = sourcecode.c.objc; name = IJEventTableViewController.m; path = iJumbo/UI/ViewControllers/IJEventTableViewController.m; sourceTree = "<group>"; };
		C8D67FB7199EE342001C4FD2 /* IJNewsTableViewController.h */ = {isa = PBXFileReference; fileEncoding = 4; lastKnownFileType = sourcecode.c.h; name = IJNewsTableViewController.h; path = iJumbo/UI/ViewControllers/IJNewsTableViewController.h; sourceTree = "<group>"; };
		C8D67FB8199EE342001C4FD2 /* IJNewsTableViewController.m */ = {isa = PBXFileReference; fileEncoding = 4; lastKnownFileType = sourcecode.c.objc; name = IJNewsTableViewController.m; path = iJumbo/UI/ViewControllers/IJNewsTableViewController.m; sourceTree = "<group>"; };
		C8D67FBA199EE3EB001C4FD2 /* IJArticle.h */ = {isa = PBXFileReference; fileEncoding = 4; lastKnownFileType = sourcecode.c.h; name = IJArticle.h; path = Models/IJArticle.h; sourceTree = "<group>"; };
		C8D67FBB199EE3EB001C4FD2 /* IJArticle.m */ = {isa = PBXFileReference; fileEncoding = 4; lastKnownFileType = sourcecode.c.objc; name = IJArticle.m; path = Models/IJArticle.m; sourceTree = "<group>"; };
		C8D67FBD199EED7C001C4FD2 /* UIView+AddSubviews.h */ = {isa = PBXFileReference; fileEncoding = 4; lastKnownFileType = sourcecode.c.h; name = "UIView+AddSubviews.h"; path = "Helpers/UIView+AddSubviews.h"; sourceTree = "<group>"; };
		C8D67FBE199EED7C001C4FD2 /* UIView+AddSubviews.m */ = {isa = PBXFileReference; fileEncoding = 4; lastKnownFileType = sourcecode.c.objc; name = "UIView+AddSubviews.m"; path = "Helpers/UIView+AddSubviews.m"; sourceTree = "<group>"; };
		C8EE725A19D3C80900A36F57 /* IJMinutesTillCollectionViewCell.h */ = {isa = PBXFileReference; fileEncoding = 4; lastKnownFileType = sourcecode.c.h; name = IJMinutesTillCollectionViewCell.h; path = iJumbo/UI/CollectionViewCells/IJMinutesTillCollectionViewCell.h; sourceTree = "<group>"; };
		C8EE725B19D3C80900A36F57 /* IJMinutesTillCollectionViewCell.m */ = {isa = PBXFileReference; fileEncoding = 4; lastKnownFileType = sourcecode.c.objc; name = IJMinutesTillCollectionViewCell.m; path = iJumbo/UI/CollectionViewCells/IJMinutesTillCollectionViewCell.m; sourceTree = "<group>"; };
		C8F00769199DD47A006B7DC4 /* IJServer.h */ = {isa = PBXFileReference; fileEncoding = 4; lastKnownFileType = sourcecode.c.h; path = IJServer.h; sourceTree = "<group>"; };
		C8F0076A199DD47A006B7DC4 /* IJServer.m */ = {isa = PBXFileReference; fileEncoding = 4; lastKnownFileType = sourcecode.c.objc; path = IJServer.m; sourceTree = "<group>"; };
		C8F00773199DD624006B7DC4 /* IJLocation.h */ = {isa = PBXFileReference; fileEncoding = 4; lastKnownFileType = sourcecode.c.h; path = IJLocation.h; sourceTree = "<group>"; };
		C8F00774199DD624006B7DC4 /* IJLocation.m */ = {isa = PBXFileReference; fileEncoding = 4; lastKnownFileType = sourcecode.c.objc; path = IJLocation.m; sourceTree = "<group>"; };
		C8F00776199DD6F7006B7DC4 /* IJHours.h */ = {isa = PBXFileReference; fileEncoding = 4; lastKnownFileType = sourcecode.c.h; name = IJHours.h; path = Models/IJHours.h; sourceTree = "<group>"; };
		C8F00777199DD6F7006B7DC4 /* IJHours.m */ = {isa = PBXFileReference; fileEncoding = 4; lastKnownFileType = sourcecode.c.objc; name = IJHours.m; path = Models/IJHours.m; sourceTree = "<group>"; };
		C8F00779199DD735006B7DC4 /* IJRange.h */ = {isa = PBXFileReference; fileEncoding = 4; lastKnownFileType = sourcecode.c.h; name = IJRange.h; path = Models/IJRange.h; sourceTree = "<group>"; };
		C8F0077A199DD735006B7DC4 /* IJRange.m */ = {isa = PBXFileReference; fileEncoding = 4; lastKnownFileType = sourcecode.c.objc; name = IJRange.m; path = Models/IJRange.m; sourceTree = "<group>"; };
		C8F0077C199DD872006B7DC4 /* IJHelper.h */ = {isa = PBXFileReference; fileEncoding = 4; lastKnownFileType = sourcecode.c.h; name = IJHelper.h; path = Helpers/IJHelper.h; sourceTree = "<group>"; };
		C8F0077D199DD872006B7DC4 /* IJHelper.m */ = {isa = PBXFileReference; fileEncoding = 4; lastKnownFileType = sourcecode.c.objc; name = IJHelper.m; path = Helpers/IJHelper.m; sourceTree = "<group>"; };
		C8F00781199DDB3F006B7DC4 /* IJHomeViewController.h */ = {isa = PBXFileReference; fileEncoding = 4; lastKnownFileType = sourcecode.c.h; name = IJHomeViewController.h; path = iJumbo/UI/ViewControllers/IJHomeViewController.h; sourceTree = "<group>"; };
		C8F00782199DDB3F006B7DC4 /* IJHomeViewController.m */ = {isa = PBXFileReference; fileEncoding = 4; lastKnownFileType = sourcecode.c.objc; name = IJHomeViewController.m; path = iJumbo/UI/ViewControllers/IJHomeViewController.m; sourceTree = "<group>"; };
		C8F00786199DDDE6006B7DC4 /* IJLocationTableViewController.h */ = {isa = PBXFileReference; fileEncoding = 4; lastKnownFileType = sourcecode.c.h; name = IJLocationTableViewController.h; path = iJumbo/UI/ViewControllers/IJLocationTableViewController.h; sourceTree = "<group>"; };
		C8F00787199DDDE6006B7DC4 /* IJLocationTableViewController.m */ = {isa = PBXFileReference; fileEncoding = 4; lastKnownFileType = sourcecode.c.objc; name = IJLocationTableViewController.m; path = iJumbo/UI/ViewControllers/IJLocationTableViewController.m; sourceTree = "<group>"; };
		C8F073D01A1548EC00D34E03 /* locations.json */ = {isa = PBXFileReference; fileEncoding = 4; lastKnownFileType = text.json; name = locations.json; path = JSON/locations.json; sourceTree = "<group>"; };
		C8F073D21A15491E00D34E03 /* joey_schedule.json */ = {isa = PBXFileReference; fileEncoding = 4; lastKnownFileType = text.json; name = joey_schedule.json; path = JSON/joey_schedule.json; sourceTree = "<group>"; };
		C8F073D41A15492F00D34E03 /* links.json */ = {isa = PBXFileReference; fileEncoding = 4; lastKnownFileType = text.json; name = links.json; path = JSON/links.json; sourceTree = "<group>"; };
		C8FADA6419BE91920000E2A8 /* IJFoodItem.h */ = {isa = PBXFileReference; fileEncoding = 4; lastKnownFileType = sourcecode.c.h; name = IJFoodItem.h; path = Models/IJFoodItem.h; sourceTree = "<group>"; };
		C8FADA6519BE91920000E2A8 /* IJFoodItem.m */ = {isa = PBXFileReference; fileEncoding = 4; lastKnownFileType = sourcecode.c.objc; name = IJFoodItem.m; path = Models/IJFoodItem.m; sourceTree = "<group>"; };
		C8FADA6719BE91A00000E2A8 /* IJMenuSection.h */ = {isa = PBXFileReference; fileEncoding = 4; lastKnownFileType = sourcecode.c.h; name = IJMenuSection.h; path = Models/IJMenuSection.h; sourceTree = "<group>"; };
		C8FADA6819BE91A00000E2A8 /* IJMenuSection.m */ = {isa = PBXFileReference; fileEncoding = 4; lastKnownFileType = sourcecode.c.objc; name = IJMenuSection.m; path = Models/IJMenuSection.m; sourceTree = "<group>"; };
		C8FADA6A19BECF530000E2A8 /* IJTableViewHeaderFooterView.h */ = {isa = PBXFileReference; fileEncoding = 4; lastKnownFileType = sourcecode.c.h; name = IJTableViewHeaderFooterView.h; path = iJumbo/UI/TableViewCells/IJTableViewHeaderFooterView.h; sourceTree = "<group>"; };
		C8FADA6B19BECF530000E2A8 /* IJTableViewHeaderFooterView.m */ = {isa = PBXFileReference; fileEncoding = 4; lastKnownFileType = sourcecode.c.objc; name = IJTableViewHeaderFooterView.m; path = iJumbo/UI/TableViewCells/IJTableViewHeaderFooterView.m; sourceTree = "<group>"; };
		C8FB4FBF19A24A5400AC043F /* IJLocationViewController.h */ = {isa = PBXFileReference; fileEncoding = 4; lastKnownFileType = sourcecode.c.h; name = IJLocationViewController.h; path = iJumbo/UI/ViewControllers/IJLocationViewController.h; sourceTree = "<group>"; };
		C8FB4FC019A24A5400AC043F /* IJLocationViewController.m */ = {isa = PBXFileReference; fileEncoding = 4; lastKnownFileType = sourcecode.c.objc; name = IJLocationViewController.m; path = iJumbo/UI/ViewControllers/IJLocationViewController.m; sourceTree = "<group>"; };
		C8FB4FC219A24BC500AC043F /* UIView+Position.h */ = {isa = PBXFileReference; fileEncoding = 4; lastKnownFileType = sourcecode.c.h; name = "UIView+Position.h"; path = "Categories/UIView+Position.h"; sourceTree = "<group>"; };
		C8FB4FC319A24BC500AC043F /* UIView+Position.m */ = {isa = PBXFileReference; fileEncoding = 4; lastKnownFileType = sourcecode.c.objc; name = "UIView+Position.m"; path = "Categories/UIView+Position.m"; sourceTree = "<group>"; };
		C8FB4FC619A2D64600AC043F /* IJViewController.h */ = {isa = PBXFileReference; fileEncoding = 4; lastKnownFileType = sourcecode.c.h; name = IJViewController.h; path = iJumbo/UI/ViewControllers/IJViewController.h; sourceTree = "<group>"; };
		C8FB4FC719A2D64600AC043F /* IJViewController.m */ = {isa = PBXFileReference; fileEncoding = 4; lastKnownFileType = sourcecode.c.objc; name = IJViewController.m; path = iJumbo/UI/ViewControllers/IJViewController.m; sourceTree = "<group>"; };
		C8FB4FC919A311F400AC043F /* IJWebViewController.h */ = {isa = PBXFileReference; fileEncoding = 4; lastKnownFileType = sourcecode.c.h; name = IJWebViewController.h; path = iJumbo/UI/ViewControllers/IJWebViewController.h; sourceTree = "<group>"; };
		C8FB4FCA19A311F400AC043F /* IJWebViewController.m */ = {isa = PBXFileReference; fileEncoding = 4; lastKnownFileType = sourcecode.c.objc; name = IJWebViewController.m; path = iJumbo/UI/ViewControllers/IJWebViewController.m; sourceTree = "<group>"; };
		C8FB4FCF19A465F000AC043F /* IJMapViewController.h */ = {isa = PBXFileReference; fileEncoding = 4; lastKnownFileType = sourcecode.c.h; name = IJMapViewController.h; path = iJumbo/UI/ViewControllers/IJMapViewController.h; sourceTree = "<group>"; };
		C8FB4FD019A465F000AC043F /* IJMapViewController.m */ = {isa = PBXFileReference; fileEncoding = 4; lastKnownFileType = sourcecode.c.objc; name = IJMapViewController.m; path = iJumbo/UI/ViewControllers/IJMapViewController.m; sourceTree = "<group>"; };
		C8FB4FD219A46F3100AC043F /* IJEventViewController.h */ = {isa = PBXFileReference; fileEncoding = 4; lastKnownFileType = sourcecode.c.h; name = IJEventViewController.h; path = iJumbo/UI/ViewControllers/IJEventViewController.h; sourceTree = "<group>"; };
		C8FB4FD319A46F3100AC043F /* IJEventViewController.m */ = {isa = PBXFileReference; fileEncoding = 4; lastKnownFileType = sourcecode.c.objc; name = IJEventViewController.m; path = iJumbo/UI/ViewControllers/IJEventViewController.m; sourceTree = "<group>"; };
		C8FFD0CD19F614A600B65BA5 /* UIActionSheet+Blocks.h */ = {isa = PBXFileReference; fileEncoding = 4; lastKnownFileType = sourcecode.c.h; path = "UIActionSheet+Blocks.h"; sourceTree = "<group>"; };
		C8FFD0CE19F614A600B65BA5 /* UIActionSheet+Blocks.m */ = {isa = PBXFileReference; fileEncoding = 4; lastKnownFileType = sourcecode.c.objc; path = "UIActionSheet+Blocks.m"; sourceTree = "<group>"; };
/* End PBXFileReference section */

/* Begin PBXFrameworksBuildPhase section */
		C87E7CB7198C566500366DF7 /* Frameworks */ = {
			isa = PBXFrameworksBuildPhase;
			buildActionMask = 2147483647;
			files = (
				C87E7CC0198C566500366DF7 /* CoreGraphics.framework in Frameworks */,
				C87E7CC4198C566500366DF7 /* CoreData.framework in Frameworks */,
				C87E7CC2198C566500366DF7 /* UIKit.framework in Frameworks */,
				C87E7CBE198C566500366DF7 /* Foundation.framework in Frameworks */,
				C88651581A0C156700C55A96 /* MapKit.framework in Frameworks */,
				C87BB9CB19D36F51001BB67B /* Crashlytics.framework in Frameworks */,
				51717AB18D3441268926AA6D /* libPods.a in Frameworks */,
			);
			runOnlyForDeploymentPostprocessing = 0;
		};
		C87E7CD7198C566500366DF7 /* Frameworks */ = {
			isa = PBXFrameworksBuildPhase;
			buildActionMask = 2147483647;
			files = (
				C87E7CDC198C566500366DF7 /* XCTest.framework in Frameworks */,
				C87E7CDF198C566500366DF7 /* CoreData.framework in Frameworks */,
				C87E7CDE198C566500366DF7 /* UIKit.framework in Frameworks */,
				C87E7CDD198C566500366DF7 /* Foundation.framework in Frameworks */,
			);
			runOnlyForDeploymentPostprocessing = 0;
		};
/* End PBXFrameworksBuildPhase section */

/* Begin PBXGroup section */
		69178F37651EF4658DF8AE36 /* Pods */ = {
			isa = PBXGroup;
			children = (
				A70662554892F8A4A191DAFB /* Pods.debug.xcconfig */,
				3CC4D3B4D8512561A29FED22 /* Pods.release.xcconfig */,
			);
			name = Pods;
			sourceTree = "<group>";
		};
		C8139C3919F965C900D89076 /* Views */ = {
			isa = PBXGroup;
			children = (
				C81928EF1A097212007588F7 /* IJDatePicker.h */,
				C81928F01A097212007588F7 /* IJDatePicker.m */,
			);
			name = Views;
			sourceTree = "<group>";
		};
		C852A6A319A0FCAE0048B1C3 /* Categories */ = {
			isa = PBXGroup;
			children = (
				C8D67FBD199EED7C001C4FD2 /* UIView+AddSubviews.h */,
				C8D67FBE199EED7C001C4FD2 /* UIView+AddSubviews.m */,
				C852A6A419A0FCD20048B1C3 /* UITableView+MainThreadReload.h */,
				C852A6A519A0FCD20048B1C3 /* UITableView+MainThreadReload.m */,
				C8FB4FC219A24BC500AC043F /* UIView+Position.h */,
				C8FB4FC319A24BC500AC043F /* UIView+Position.m */,
				C8C783F519C16FA400A3898B /* UIFont+iJumboFonts.h */,
				C8C783F619C16FA400A3898B /* UIFont+iJumboFonts.m */,
				C83E20F51A1B9E8F000D018D /* UIColor+iJumboColors.h */,
				C83E20F61A1B9E8F000D018D /* UIColor+iJumboColors.m */,
			);
			name = Categories;
			sourceTree = "<group>";
		};
		C87E7CB1198C566500366DF7 = {
			isa = PBXGroup;
			children = (
				C87E7CC5198C566500366DF7 /* iJumbo */,
				C87E7CE2198C566500366DF7 /* iJumboTests */,
				C87E7CBC198C566500366DF7 /* Frameworks */,
				C87E7CBB198C566500366DF7 /* Products */,
				69178F37651EF4658DF8AE36 /* Pods */,
			);
			sourceTree = "<group>";
		};
		C87E7CBB198C566500366DF7 /* Products */ = {
			isa = PBXGroup;
			children = (
				C87E7CBA198C566500366DF7 /* iJumbo.app */,
				C87E7CDA198C566500366DF7 /* iJumboTests.xctest */,
			);
			name = Products;
			sourceTree = "<group>";
		};
		C87E7CBC198C566500366DF7 /* Frameworks */ = {
			isa = PBXGroup;
			children = (
				C88651571A0C156700C55A96 /* MapKit.framework */,
				C87BB9CA19D36F51001BB67B /* Crashlytics.framework */,
				C87E7CBD198C566500366DF7 /* Foundation.framework */,
				C87E7CBF198C566500366DF7 /* CoreGraphics.framework */,
				C87E7CC1198C566500366DF7 /* UIKit.framework */,
				C87E7CC3198C566500366DF7 /* CoreData.framework */,
				C87E7CDB198C566500366DF7 /* XCTest.framework */,
				0027185B941C4F758572F481 /* libPods.a */,
			);
			name = Frameworks;
			sourceTree = "<group>";
		};
		C87E7CC5198C566500366DF7 /* iJumbo */ = {
			isa = PBXGroup;
			children = (
				C87E7CCE198C566500366DF7 /* IJAppDelegate.h */,
				C87E7CCF198C566500366DF7 /* IJAppDelegate.m */,
				C884074E19E64B9F002545AD /* 3rd Party */,
				C852A6A319A0FCAE0048B1C3 /* Categories */,
				C8B7001019A03D8E0004FE76 /* Resources */,
				C8F00780199DD998006B7DC4 /* Communication */,
				C8F0077F199DD878006B7DC4 /* Helpers */,
				C8F0076C199DD59B006B7DC4 /* Models */,
				C87E7CC6198C566500366DF7 /* Supporting Files */,
				C8F00784199DDB62006B7DC4 /* UI */,
				C884073F19E5F6AD002545AD /* JSON */,
				C87E7CD4198C566500366DF7 /* Images.xcassets */,
				C884073C19E5F6A0002545AD /* TemplateIcon2x.png */,
			);
			path = iJumbo;
			sourceTree = "<group>";
		};
		C87E7CC6198C566500366DF7 /* Supporting Files */ = {
			isa = PBXGroup;
			children = (
				C87E7CC7198C566500366DF7 /* iJumbo-Info.plist */,
				C87E7CC8198C566500366DF7 /* InfoPlist.strings */,
				C87E7CCB198C566500366DF7 /* main.m */,
				C87E7CCD198C566500366DF7 /* iJumbo-Prefix.pch */,
			);
			name = "Supporting Files";
			sourceTree = "<group>";
		};
		C87E7CE2198C566500366DF7 /* iJumboTests */ = {
			isa = PBXGroup;
			children = (
				C87E7CE8198C566600366DF7 /* iJumboTests.m */,
				C87E7CE3198C566600366DF7 /* Supporting Files */,
			);
			path = iJumboTests;
			sourceTree = "<group>";
		};
		C87E7CE3198C566600366DF7 /* Supporting Files */ = {
			isa = PBXGroup;
			children = (
				C87E7CE4198C566600366DF7 /* iJumboTests-Info.plist */,
				C87E7CE5198C566600366DF7 /* InfoPlist.strings */,
			);
			name = "Supporting Files";
			sourceTree = "<group>";
		};
		C884073F19E5F6AD002545AD /* JSON */ = {
			isa = PBXGroup;
			children = (
				C8F073D01A1548EC00D34E03 /* locations.json */,
				C8F073D21A15491E00D34E03 /* joey_schedule.json */,
				C8F073D41A15492F00D34E03 /* links.json */,
			);
			name = JSON;
			sourceTree = "<group>";
		};
		C884074E19E64B9F002545AD /* 3rd Party */ = {
			isa = PBXGroup;
			children = (
				C8334E0119FF47D0002ADB64 /* RKDropdownAlert.h */,
				C8334E0219FF47D0002ADB64 /* RKDropdownAlert.m */,
				C884074B19E64B95002545AD /* OpenInChromeController.h */,
				C884074C19E64B96002545AD /* OpenInChromeController.m */,
				C8FFD0CD19F614A600B65BA5 /* UIActionSheet+Blocks.h */,
				C8FFD0CE19F614A600B65BA5 /* UIActionSheet+Blocks.m */,
				C818148419F635C0005218D8 /* UIAlertView+Blocks.h */,
				C818148519F635C0005218D8 /* UIAlertView+Blocks.m */,
			);
			name = "3rd Party";
			sourceTree = "<group>";
		};
		C8B7001019A03D8E0004FE76 /* Resources */ = {
			isa = PBXGroup;
			children = (
				C8B7FFF819A03D8A0004FE76 /* Roboto-Black.ttf */,
				C8B7FFF919A03D8A0004FE76 /* Roboto-BlackItalic.ttf */,
				C8B7FFFA19A03D8A0004FE76 /* Roboto-Bold.ttf */,
				C8B7FFFB19A03D8A0004FE76 /* Roboto-BoldItalic.ttf */,
				C8B7FFFC19A03D8A0004FE76 /* Roboto-Italic.ttf */,
				C8B7FFFD19A03D8A0004FE76 /* Roboto-Light.ttf */,
				C8B7FFFE19A03D8A0004FE76 /* Roboto-LightItalic.ttf */,
				C8B7FFFF19A03D8A0004FE76 /* Roboto-Medium.ttf */,
				C8B7000019A03D8A0004FE76 /* Roboto-MediumItalic.ttf */,
				C8B7000119A03D8A0004FE76 /* Roboto-Regular.ttf */,
				C8B7000219A03D8A0004FE76 /* Roboto-Thin.ttf */,
				C8B7000319A03D8A0004FE76 /* Roboto-ThinItalic.ttf */,
			);
			name = Resources;
			sourceTree = "<group>";
		};
		C8B7FFF719A037600004FE76 /* TableViewCells */ = {
			isa = PBXGroup;
			children = (
				C8487ACC19A06F10008F034E /* IJEventTableViewCell.h */,
				C8487ACD19A06F10008F034E /* IJEventTableViewCell.m */,
				C878609D19BF5401002B2A3C /* IJFoodItemTableViewCell.h */,
				C878609E19BF5401002B2A3C /* IJFoodItemTableViewCell.m */,
				C852A6B319A193100048B1C3 /* IJLinkTableViewCell.h */,
				C852A6B419A193100048B1C3 /* IJLinkTableViewCell.m */,
				C852A6A719A1099B0048B1C3 /* IJLocationTableViewCell.h */,
				C852A6A819A1099B0048B1C3 /* IJLocationTableViewCell.m */,
				C8B7FFF419A0375B0004FE76 /* IJNewsTableViewCell.h */,
				C8B7FFF519A0375B0004FE76 /* IJNewsTableViewCell.m */,
				C8FADA6A19BECF530000E2A8 /* IJTableViewHeaderFooterView.h */,
				C8FADA6B19BECF530000E2A8 /* IJTableViewHeaderFooterView.m */,
			);
			name = TableViewCells;
			sourceTree = "<group>";
		};
		C8EE725D19D3C81300A36F57 /* CollectionVIewCells */ = {
			isa = PBXGroup;
			children = (
				C887F45C19D22B8F00D82898 /* IJLinkCollectionViewCell.h */,
				C887F45D19D22B8F00D82898 /* IJLinkCollectionViewCell.m */,
				C8EE725A19D3C80900A36F57 /* IJMinutesTillCollectionViewCell.h */,
				C8EE725B19D3C80900A36F57 /* IJMinutesTillCollectionViewCell.m */,
				C8D2500A19E4568E00E708C6 /* IJJoeyTimeCollectionViewCell.h */,
				C8D2500B19E4568E00E708C6 /* IJJoeyTimeCollectionViewCell.m */,
			);
			name = CollectionVIewCells;
			sourceTree = "<group>";
		};
		C8F0076C199DD59B006B7DC4 /* Models */ = {
			isa = PBXGroup;
			children = (
				C87E7CD1198C566500366DF7 /* iJumbo.xcdatamodeld */,
				C8D67FBA199EE3EB001C4FD2 /* IJArticle.h */,
				C8D67FBB199EE3EB001C4FD2 /* IJArticle.m */,
				C8D67FB1199EC49F001C4FD2 /* IJEvent.h */,
				C8D67FB2199EC49F001C4FD2 /* IJEvent.m */,
				C8FADA6419BE91920000E2A8 /* IJFoodItem.h */,
				C8FADA6519BE91920000E2A8 /* IJFoodItem.m */,
				C8F00776199DD6F7006B7DC4 /* IJHours.h */,
				C8F00777199DD6F7006B7DC4 /* IJHours.m */,
				C852A6AD19A18CF30048B1C3 /* IJLink.h */,
				C852A6AE19A18CF30048B1C3 /* IJLink.m */,
				C8F00773199DD624006B7DC4 /* IJLocation.h */,
				C8F00774199DD624006B7DC4 /* IJLocation.m */,
				C8FADA6719BE91A00000E2A8 /* IJMenuSection.h */,
				C8FADA6819BE91A00000E2A8 /* IJMenuSection.m */,
				C8F00779199DD735006B7DC4 /* IJRange.h */,
				C8F0077A199DD735006B7DC4 /* IJRange.m */,
				C8487ACF19A07399008F034E /* IJRecord.h */,
				C8487AD019A07399008F034E /* IJRecord.m */,
			);
			name = Models;
			sourceTree = "<group>";
		};
		C8F0077F199DD878006B7DC4 /* Helpers */ = {
			isa = PBXGroup;
			children = (
				C8B7FFEF199FE2200004FE76 /* IJVariables.h */,
				C8F0077C199DD872006B7DC4 /* IJHelper.h */,
				C8F0077D199DD872006B7DC4 /* IJHelper.m */,
				C841812219A58CAE007EB13E /* IJCacheManager.h */,
				C841812319A58CAE007EB13E /* IJCacheManager.m */,
			);
			name = Helpers;
			sourceTree = "<group>";
		};
		C8F00780199DD998006B7DC4 /* Communication */ = {
			isa = PBXGroup;
			children = (
				C8F00769199DD47A006B7DC4 /* IJServer.h */,
				C8F0076A199DD47A006B7DC4 /* IJServer.m */,
			);
			name = Communication;
			sourceTree = "<group>";
		};
		C8F00784199DDB62006B7DC4 /* UI */ = {
			isa = PBXGroup;
			children = (
				C8F00785199DDB67006B7DC4 /* ViewControllers */,
				C8B7FFF719A037600004FE76 /* TableViewCells */,
				C8EE725D19D3C81300A36F57 /* CollectionVIewCells */,
				C8139C3919F965C900D89076 /* Views */,
			);
			name = UI;
			path = ..;
			sourceTree = "<group>";
		};
		C8F00785199DDB67006B7DC4 /* ViewControllers */ = {
			isa = PBXGroup;
			children = (
				C82937C419FDE344007227F4 /* IJAllFoodViewController.h */,
				C82937C519FDE344007227F4 /* IJAllFoodViewController.m */,
				C8FB4FD219A46F3100AC043F /* IJEventViewController.h */,
				C8FB4FD319A46F3100AC043F /* IJEventViewController.m */,
				C8D67FB4199EC6F8001C4FD2 /* IJEventTableViewController.h */,
				C8D67FB5199EC6F8001C4FD2 /* IJEventTableViewController.m */,
				C864283819EF4614003EE89C /* IJFoodItemViewController.h */,
				C864283919EF4614003EE89C /* IJFoodItemViewController.m */,
				C8F00781199DDB3F006B7DC4 /* IJHomeViewController.h */,
				C8F00782199DDB3F006B7DC4 /* IJHomeViewController.m */,
				C852A6B019A192420048B1C3 /* IJLinkTableViewController.h */,
				C852A6B119A192420048B1C3 /* IJLinkTableViewController.m */,
				C8F00786199DDDE6006B7DC4 /* IJLocationTableViewController.h */,
				C8F00787199DDDE6006B7DC4 /* IJLocationTableViewController.m */,
				C8FB4FBF19A24A5400AC043F /* IJLocationViewController.h */,
				C8FB4FC019A24A5400AC043F /* IJLocationViewController.m */,
				C8FB4FCF19A465F000AC043F /* IJMapViewController.h */,
				C8FB4FD019A465F000AC043F /* IJMapViewController.m */,
				C898760919B1256800CB425E /* IJMenuTableViewController.h */,
				C898760A19B1256800CB425E /* IJMenuTableViewController.m */,
				C87D2F4119F30D0A00FC1910 /* IJMyFoodViewController.h */,
				C87D2F4219F30D0A00FC1910 /* IJMyFoodViewController.m */,
				C8D67FB7199EE342001C4FD2 /* IJNewsTableViewController.h */,
				C8D67FB8199EE342001C4FD2 /* IJNewsTableViewController.m */,
				C8B7FFF119A030DB0004FE76 /* IJNavigationDelegate.h */,
				C8B7FFF219A030DB0004FE76 /* IJNavigationDelegate.m */,
				C87BB9C619D364FE001BB67B /* IJTransportationCollectionViewController.h */,
				C87BB9C719D364FE001BB67B /* IJTransportationCollectionViewController.m */,
				C8FB4FC619A2D64600AC043F /* IJViewController.h */,
				C8FB4FC719A2D64600AC043F /* IJViewController.m */,
				C8FB4FC919A311F400AC043F /* IJWebViewController.h */,
				C8FB4FCA19A311F400AC043F /* IJWebViewController.m */,
			);
			name = ViewControllers;
			sourceTree = "<group>";
		};
/* End PBXGroup section */

/* Begin PBXNativeTarget section */
		C87E7CB9198C566500366DF7 /* iJumbo */ = {
			isa = PBXNativeTarget;
			buildConfigurationList = C87E7CEC198C566600366DF7 /* Build configuration list for PBXNativeTarget "iJumbo" */;
			buildPhases = (
				80ABC5174CCF4342B89DEB9C /* Check Pods Manifest.lock */,
				C87E7CB6198C566500366DF7 /* Sources */,
				C87E7CB7198C566500366DF7 /* Frameworks */,
				C87E7CB8198C566500366DF7 /* Resources */,
				CB69F30E2C974EFB9F4748DF /* Copy Pods Resources */,
				C87BB9C919D36EEF001BB67B /* Crashlytics Build Phase */,
				C884074419E5F9FC002545AD /* CopyFiles */,
			);
			buildRules = (
			);
			dependencies = (
			);
			name = iJumbo;
			productName = iJumbo;
			productReference = C87E7CBA198C566500366DF7 /* iJumbo.app */;
			productType = "com.apple.product-type.application";
		};
		C87E7CD9198C566500366DF7 /* iJumboTests */ = {
			isa = PBXNativeTarget;
			buildConfigurationList = C87E7CEF198C566600366DF7 /* Build configuration list for PBXNativeTarget "iJumboTests" */;
			buildPhases = (
				C87E7CD6198C566500366DF7 /* Sources */,
				C87E7CD7198C566500366DF7 /* Frameworks */,
				C87E7CD8198C566500366DF7 /* Resources */,
			);
			buildRules = (
			);
			dependencies = (
				C87E7CE1198C566500366DF7 /* PBXTargetDependency */,
			);
			name = iJumboTests;
			productName = iJumboTests;
			productReference = C87E7CDA198C566500366DF7 /* iJumboTests.xctest */;
			productType = "com.apple.product-type.bundle.unit-test";
		};
/* End PBXNativeTarget section */

/* Begin PBXProject section */
		C87E7CB2198C566500366DF7 /* Project object */ = {
			isa = PBXProject;
			attributes = {
				CLASSPREFIX = IJ;
				LastUpgradeCheck = 0510;
				ORGANIZATIONNAME = Amadou.It;
				TargetAttributes = {
					C87E7CB9198C566500366DF7 = {
						DevelopmentTeam = NR3QK94585;
						SystemCapabilities = {
							com.apple.Maps.iOS = {
								enabled = 1;
							};
						};
					};
					C87E7CD9198C566500366DF7 = {
						TestTargetID = C87E7CB9198C566500366DF7;
					};
				};
			};
			buildConfigurationList = C87E7CB5198C566500366DF7 /* Build configuration list for PBXProject "iJumbo" */;
			compatibilityVersion = "Xcode 3.2";
			developmentRegion = English;
			hasScannedForEncodings = 0;
			knownRegions = (
				en,
			);
			mainGroup = C87E7CB1198C566500366DF7;
			productRefGroup = C87E7CBB198C566500366DF7 /* Products */;
			projectDirPath = "";
			projectRoot = "";
			targets = (
				C87E7CB9198C566500366DF7 /* iJumbo */,
				C87E7CD9198C566500366DF7 /* iJumboTests */,
			);
		};
/* End PBXProject section */

/* Begin PBXResourcesBuildPhase section */
		C87E7CB8198C566500366DF7 /* Resources */ = {
			isa = PBXResourcesBuildPhase;
			buildActionMask = 2147483647;
			files = (
				C8B7000B19A03D8A0004FE76 /* Roboto-Medium.ttf in Resources */,
				C8B7000719A03D8A0004FE76 /* Roboto-BoldItalic.ttf in Resources */,
				C8F073D11A1548EC00D34E03 /* locations.json in Resources */,
				C87E7CCA198C566500366DF7 /* InfoPlist.strings in Resources */,
				C884073E19E5F6A0002545AD /* TemplateIcon2x.png in Resources */,
				C87E7CD5198C566500366DF7 /* Images.xcassets in Resources */,
				C8B7000619A03D8A0004FE76 /* Roboto-Bold.ttf in Resources */,
				C8B7000819A03D8A0004FE76 /* Roboto-Italic.ttf in Resources */,
				C8B7000D19A03D8A0004FE76 /* Roboto-Regular.ttf in Resources */,
				C8B7000A19A03D8A0004FE76 /* Roboto-LightItalic.ttf in Resources */,
				C8B7000419A03D8A0004FE76 /* Roboto-Black.ttf in Resources */,
				C8B7000919A03D8A0004FE76 /* Roboto-Light.ttf in Resources */,
				C8B7000F19A03D8A0004FE76 /* Roboto-ThinItalic.ttf in Resources */,
				C8F073D31A15491E00D34E03 /* joey_schedule.json in Resources */,
				C8B7000C19A03D8A0004FE76 /* Roboto-MediumItalic.ttf in Resources */,
				C8F073D51A15492F00D34E03 /* links.json in Resources */,
				C8B7000E19A03D8A0004FE76 /* Roboto-Thin.ttf in Resources */,
				C8B7000519A03D8A0004FE76 /* Roboto-BlackItalic.ttf in Resources */,
			);
			runOnlyForDeploymentPostprocessing = 0;
		};
		C87E7CD8198C566500366DF7 /* Resources */ = {
			isa = PBXResourcesBuildPhase;
			buildActionMask = 2147483647;
			files = (
				C87E7CE7198C566600366DF7 /* InfoPlist.strings in Resources */,
			);
			runOnlyForDeploymentPostprocessing = 0;
		};
/* End PBXResourcesBuildPhase section */

/* Begin PBXShellScriptBuildPhase section */
		80ABC5174CCF4342B89DEB9C /* Check Pods Manifest.lock */ = {
			isa = PBXShellScriptBuildPhase;
			buildActionMask = 2147483647;
			files = (
			);
			inputPaths = (
			);
			name = "Check Pods Manifest.lock";
			outputPaths = (
			);
			runOnlyForDeploymentPostprocessing = 0;
			shellPath = /bin/sh;
			shellScript = "diff \"${PODS_ROOT}/../Podfile.lock\" \"${PODS_ROOT}/Manifest.lock\" > /dev/null\nif [[ $? != 0 ]] ; then\n    cat << EOM\nerror: The sandbox is not in sync with the Podfile.lock. Run 'pod install' or update your CocoaPods installation.\nEOM\n    exit 1\nfi\n";
			showEnvVarsInLog = 0;
		};
		C87BB9C919D36EEF001BB67B /* Crashlytics Build Phase */ = {
			isa = PBXShellScriptBuildPhase;
			buildActionMask = 2147483647;
			files = (
			);
			inputPaths = (
			);
			name = "Crashlytics Build Phase";
			outputPaths = (
			);
			runOnlyForDeploymentPostprocessing = 0;
			shellPath = /bin/sh;
			shellScript = "./Crashlytics.framework/run 091a4baa8905651db15d358449cc69ef24a9d492 80f5a3ee1281792647c51f275c280e58cd7ea2ecd2f8b6c7077f5cd9ad019c35";
		};
		CB69F30E2C974EFB9F4748DF /* Copy Pods Resources */ = {
			isa = PBXShellScriptBuildPhase;
			buildActionMask = 2147483647;
			files = (
			);
			inputPaths = (
			);
			name = "Copy Pods Resources";
			outputPaths = (
			);
			runOnlyForDeploymentPostprocessing = 0;
			shellPath = /bin/sh;
			shellScript = "\"${SRCROOT}/Pods/Target Support Files/Pods/Pods-resources.sh\"\n";
			showEnvVarsInLog = 0;
		};
/* End PBXShellScriptBuildPhase section */

/* Begin PBXSourcesBuildPhase section */
		C87E7CB6198C566500366DF7 /* Sources */ = {
			isa = PBXSourcesBuildPhase;
			buildActionMask = 2147483647;
			files = (
				C864283B19EF4614003EE89C /* IJFoodItemViewController.m in Sources */,
				C8B7FFF0199FE31E0004FE76 /* IJVariables.h in Sources */,
				C898760B19B1256800CB425E /* IJMenuTableViewController.m in Sources */,
				C8F0077E199DD872006B7DC4 /* IJHelper.m in Sources */,
				C83E20F71A1B9E8F000D018D /* UIColor+iJumboColors.m in Sources */,
				C8334E0319FF47D0002ADB64 /* RKDropdownAlert.m in Sources */,
				C87E7CD3198C566500366DF7 /* iJumbo.xcdatamodeld in Sources */,
				C8FADA6C19BECF530000E2A8 /* IJTableViewHeaderFooterView.m in Sources */,
				C887F45E19D22B8F00D82898 /* IJLinkCollectionViewCell.m in Sources */,
				C8EE725C19D3C80900A36F57 /* IJMinutesTillCollectionViewCell.m in Sources */,
				C8FB4FC819A2D64600AC043F /* IJViewController.m in Sources */,
				C818148619F635C0005218D8 /* UIAlertView+Blocks.m in Sources */,
				C87BB9C819D364FE001BB67B /* IJTransportationCollectionViewController.m in Sources */,
				C8FB4FD119A465F000AC043F /* IJMapViewController.m in Sources */,
				C87D2F4319F30D0A00FC1910 /* IJMyFoodViewController.m in Sources */,
				C852A6A919A1099B0048B1C3 /* IJLocationTableViewCell.m in Sources */,
				C8FB4FC119A24A5400AC043F /* IJLocationViewController.m in Sources */,
				C884074D19E64B96002545AD /* OpenInChromeController.m in Sources */,
				C8F00783199DDB3F006B7DC4 /* IJHomeViewController.m in Sources */,
				C852A6B219A192420048B1C3 /* IJLinkTableViewController.m in Sources */,
				C8D67FB3199EC49F001C4FD2 /* IJEvent.m in Sources */,
				C8F00788199DDDE6006B7DC4 /* IJLocationTableViewController.m in Sources */,
				C8FB4FC419A24BC500AC043F /* UIView+Position.m in Sources */,
				C8FB4FCB19A311F400AC043F /* IJWebViewController.m in Sources */,
				C841812419A58CAE007EB13E /* IJCacheManager.m in Sources */,
				C8D67FBC199EE3EB001C4FD2 /* IJArticle.m in Sources */,
				C87E7CCC198C566500366DF7 /* main.m in Sources */,
				C8F0077B199DD735006B7DC4 /* IJRange.m in Sources */,
				C8D67FB6199EC6F8001C4FD2 /* IJEventTableViewController.m in Sources */,
				C8FFD0CF19F614A600B65BA5 /* UIActionSheet+Blocks.m in Sources */,
				C8D67FBF199EED7C001C4FD2 /* UIView+AddSubviews.m in Sources */,
				C8B7FFF319A030DB0004FE76 /* IJNavigationDelegate.m in Sources */,
				C852A6A619A0FCD20048B1C3 /* UITableView+MainThreadReload.m in Sources */,
				C852A6B519A193100048B1C3 /* IJLinkTableViewCell.m in Sources */,
				C8C783F719C16FA400A3898B /* UIFont+iJumboFonts.m in Sources */,
				C8487ACE19A06F10008F034E /* IJEventTableViewCell.m in Sources */,
				C878609F19BF5401002B2A3C /* IJFoodItemTableViewCell.m in Sources */,
				C8F00775199DD624006B7DC4 /* IJLocation.m in Sources */,
				C87E7CD0198C566500366DF7 /* IJAppDelegate.m in Sources */,
				C8F00778199DD6F7006B7DC4 /* IJHours.m in Sources */,
				C8FADA6919BE91A00000E2A8 /* IJMenuSection.m in Sources */,
				C8B7FFF619A0375B0004FE76 /* IJNewsTableViewCell.m in Sources */,
				C852A6AF19A18CF30048B1C3 /* IJLink.m in Sources */,
				C8D67FB9199EE342001C4FD2 /* IJNewsTableViewController.m in Sources */,
				C8F0076B199DD47A006B7DC4 /* IJServer.m in Sources */,
				C82937C619FDE344007227F4 /* IJAllFoodViewController.m in Sources */,
				C81928F11A097212007588F7 /* IJDatePicker.m in Sources */,
				C8FADA6619BE91920000E2A8 /* IJFoodItem.m in Sources */,
				C8FB4FD419A46F3100AC043F /* IJEventViewController.m in Sources */,
				C8487AD119A07399008F034E /* IJRecord.m in Sources */,
				C8D2500C19E4568E00E708C6 /* IJJoeyTimeCollectionViewCell.m in Sources */,
			);
			runOnlyForDeploymentPostprocessing = 0;
		};
		C87E7CD6198C566500366DF7 /* Sources */ = {
			isa = PBXSourcesBuildPhase;
			buildActionMask = 2147483647;
			files = (
				C87E7CE9198C566600366DF7 /* iJumboTests.m in Sources */,
			);
			runOnlyForDeploymentPostprocessing = 0;
		};
/* End PBXSourcesBuildPhase section */

/* Begin PBXTargetDependency section */
		C87E7CE1198C566500366DF7 /* PBXTargetDependency */ = {
			isa = PBXTargetDependency;
			target = C87E7CB9198C566500366DF7 /* iJumbo */;
			targetProxy = C87E7CE0198C566500366DF7 /* PBXContainerItemProxy */;
		};
/* End PBXTargetDependency section */

/* Begin PBXVariantGroup section */
		C87E7CC8198C566500366DF7 /* InfoPlist.strings */ = {
			isa = PBXVariantGroup;
			children = (
				C87E7CC9198C566500366DF7 /* en */,
			);
			name = InfoPlist.strings;
			sourceTree = "<group>";
		};
		C87E7CE5198C566600366DF7 /* InfoPlist.strings */ = {
			isa = PBXVariantGroup;
			children = (
				C87E7CE6198C566600366DF7 /* en */,
			);
			name = InfoPlist.strings;
			sourceTree = "<group>";
		};
/* End PBXVariantGroup section */

/* Begin XCBuildConfiguration section */
		C87E7CEA198C566600366DF7 /* Debug */ = {
			isa = XCBuildConfiguration;
			buildSettings = {
				ALWAYS_SEARCH_USER_PATHS = NO;
				CLANG_CXX_LANGUAGE_STANDARD = "gnu++0x";
				CLANG_CXX_LIBRARY = "libc++";
				CLANG_ENABLE_MODULES = YES;
				CLANG_ENABLE_OBJC_ARC = YES;
				CLANG_WARN_BOOL_CONVERSION = YES;
				CLANG_WARN_CONSTANT_CONVERSION = YES;
				CLANG_WARN_DIRECT_OBJC_ISA_USAGE = YES_ERROR;
				CLANG_WARN_EMPTY_BODY = YES;
				CLANG_WARN_ENUM_CONVERSION = YES;
				CLANG_WARN_INT_CONVERSION = YES;
				CLANG_WARN_OBJC_ROOT_CLASS = YES_ERROR;
				CLANG_WARN__DUPLICATE_METHOD_MATCH = YES;
				"CODE_SIGN_IDENTITY[sdk=iphoneos*]" = "iPhone Developer";
				COPY_PHASE_STRIP = NO;
				GCC_C_LANGUAGE_STANDARD = gnu99;
				GCC_DYNAMIC_NO_PIC = NO;
				GCC_OPTIMIZATION_LEVEL = 0;
				GCC_PREPROCESSOR_DEFINITIONS = (
					"DEBUG=1",
					"$(inherited)",
				);
				GCC_SYMBOLS_PRIVATE_EXTERN = NO;
				GCC_WARN_64_TO_32_BIT_CONVERSION = YES;
				GCC_WARN_ABOUT_RETURN_TYPE = YES_ERROR;
				GCC_WARN_UNDECLARED_SELECTOR = YES;
				GCC_WARN_UNINITIALIZED_AUTOS = YES_AGGRESSIVE;
				GCC_WARN_UNUSED_FUNCTION = YES;
				GCC_WARN_UNUSED_VARIABLE = YES;
				IPHONEOS_DEPLOYMENT_TARGET = 7.1;
				ONLY_ACTIVE_ARCH = YES;
				SDKROOT = iphoneos;
			};
			name = Debug;
		};
		C87E7CEB198C566600366DF7 /* Release */ = {
			isa = XCBuildConfiguration;
			buildSettings = {
				ALWAYS_SEARCH_USER_PATHS = NO;
				CLANG_CXX_LANGUAGE_STANDARD = "gnu++0x";
				CLANG_CXX_LIBRARY = "libc++";
				CLANG_ENABLE_MODULES = YES;
				CLANG_ENABLE_OBJC_ARC = YES;
				CLANG_WARN_BOOL_CONVERSION = YES;
				CLANG_WARN_CONSTANT_CONVERSION = YES;
				CLANG_WARN_DIRECT_OBJC_ISA_USAGE = YES_ERROR;
				CLANG_WARN_EMPTY_BODY = YES;
				CLANG_WARN_ENUM_CONVERSION = YES;
				CLANG_WARN_INT_CONVERSION = YES;
				CLANG_WARN_OBJC_ROOT_CLASS = YES_ERROR;
				CLANG_WARN__DUPLICATE_METHOD_MATCH = YES;
				"CODE_SIGN_IDENTITY[sdk=iphoneos*]" = "iPhone Developer";
				COPY_PHASE_STRIP = YES;
				ENABLE_NS_ASSERTIONS = NO;
				GCC_C_LANGUAGE_STANDARD = gnu99;
				GCC_WARN_64_TO_32_BIT_CONVERSION = YES;
				GCC_WARN_ABOUT_RETURN_TYPE = YES_ERROR;
				GCC_WARN_UNDECLARED_SELECTOR = YES;
				GCC_WARN_UNINITIALIZED_AUTOS = YES_AGGRESSIVE;
				GCC_WARN_UNUSED_FUNCTION = YES;
				GCC_WARN_UNUSED_VARIABLE = YES;
				IPHONEOS_DEPLOYMENT_TARGET = 7.1;
				SDKROOT = iphoneos;
				VALIDATE_PRODUCT = YES;
			};
			name = Release;
		};
		C87E7CED198C566600366DF7 /* Debug */ = {
			isa = XCBuildConfiguration;
			baseConfigurationReference = A70662554892F8A4A191DAFB /* Pods.debug.xcconfig */;
			buildSettings = {
				ASSETCATALOG_COMPILER_APPICON_NAME = AppIcon;
				ASSETCATALOG_COMPILER_LAUNCHIMAGE_NAME = "LaunchImage-1";
				CODE_SIGN_IDENTITY = "iPhone Developer: Amadou Crookes (V23VPS752M)";
				"CODE_SIGN_IDENTITY[sdk=iphoneos*]" = "iPhone Developer: Amadou Crookes (V23VPS752M)";
				FRAMEWORK_SEARCH_PATHS = (
					"$(inherited)",
					"$(PROJECT_DIR)",
				);
				GCC_PRECOMPILE_PREFIX_HEADER = YES;
				GCC_PREFIX_HEADER = "iJumbo/iJumbo-Prefix.pch";
				GCC_WARN_SHADOW = YES;
				GCC_WARN_UNUSED_PARAMETER = NO;
				INFOPLIST_FILE = "iJumbo/iJumbo-Info.plist";
				IPHONEOS_DEPLOYMENT_TARGET = 7.0;
				MOMC_NO_INVERSE_RELATIONSHIP_WARNINGS = YES;
				MOMC_NO_WARNINGS = YES;
				PRODUCT_NAME = "$(TARGET_NAME)";
				PROVISIONING_PROFILE = "69bdb2b8-2d07-491f-8ba6-156e738d3ce8";
				WARNING_CFLAGS = "-Werror";
				WRAPPER_EXTENSION = app;
			};
			name = Debug;
		};
		C87E7CEE198C566600366DF7 /* Release */ = {
			isa = XCBuildConfiguration;
			baseConfigurationReference = 3CC4D3B4D8512561A29FED22 /* Pods.release.xcconfig */;
			buildSettings = {
				ASSETCATALOG_COMPILER_APPICON_NAME = AppIcon;
				ASSETCATALOG_COMPILER_LAUNCHIMAGE_NAME = "LaunchImage-1";
				CODE_SIGN_IDENTITY = "iPhone Developer: Amadou Crookes (V23VPS752M)";
				"CODE_SIGN_IDENTITY[sdk=iphoneos*]" = "iPhone Developer: Amadou Crookes (V23VPS752M)";
				FRAMEWORK_SEARCH_PATHS = (
					"$(inherited)",
					"$(PROJECT_DIR)",
				);
				GCC_PRECOMPILE_PREFIX_HEADER = YES;
				GCC_PREFIX_HEADER = "iJumbo/iJumbo-Prefix.pch";
				GCC_WARN_SHADOW = YES;
				GCC_WARN_UNUSED_PARAMETER = NO;
				INFOPLIST_FILE = "iJumbo/iJumbo-Info.plist";
				IPHONEOS_DEPLOYMENT_TARGET = 7.0;
				MOMC_NO_INVERSE_RELATIONSHIP_WARNINGS = YES;
				MOMC_NO_WARNINGS = YES;
				PRODUCT_NAME = "$(TARGET_NAME)";
				PROVISIONING_PROFILE = "69bdb2b8-2d07-491f-8ba6-156e738d3ce8";
				WARNING_CFLAGS = "-Werror";
				WRAPPER_EXTENSION = app;
			};
			name = Release;
		};
		C87E7CF0198C566600366DF7 /* Debug */ = {
			isa = XCBuildConfiguration;
			buildSettings = {
				BUNDLE_LOADER = "$(BUILT_PRODUCTS_DIR)/iJumbo.app/iJumbo";
				CODE_SIGN_IDENTITY = "iPhone Distribution: Amadou Crookes (NR3QK94585)";
				FRAMEWORK_SEARCH_PATHS = (
					"$(SDKROOT)/Developer/Library/Frameworks",
					"$(inherited)",
					"$(DEVELOPER_FRAMEWORKS_DIR)",
				);
				GCC_PRECOMPILE_PREFIX_HEADER = YES;
				GCC_PREFIX_HEADER = "iJumbo/iJumbo-Prefix.pch";
				GCC_PREPROCESSOR_DEFINITIONS = (
					"DEBUG=1",
					"$(inherited)",
				);
				INFOPLIST_FILE = "iJumboTests/iJumboTests-Info.plist";
				PRODUCT_NAME = "$(TARGET_NAME)";
				PROVISIONING_PROFILE = "2CE8BC40-1418-44FB-88DD-F4DF2EE4461C";
				TEST_HOST = "$(BUNDLE_LOADER)";
				WRAPPER_EXTENSION = xctest;
			};
			name = Debug;
		};
		C87E7CF1198C566600366DF7 /* Release */ = {
			isa = XCBuildConfiguration;
			buildSettings = {
				BUNDLE_LOADER = "$(BUILT_PRODUCTS_DIR)/iJumbo.app/iJumbo";
				CODE_SIGN_IDENTITY = "iPhone Distribution: Amadou Crookes (NR3QK94585)";
				FRAMEWORK_SEARCH_PATHS = (
					"$(SDKROOT)/Developer/Library/Frameworks",
					"$(inherited)",
					"$(DEVELOPER_FRAMEWORKS_DIR)",
				);
				GCC_PRECOMPILE_PREFIX_HEADER = YES;
				GCC_PREFIX_HEADER = "iJumbo/iJumbo-Prefix.pch";
				INFOPLIST_FILE = "iJumboTests/iJumboTests-Info.plist";
				PRODUCT_NAME = "$(TARGET_NAME)";
				PROVISIONING_PROFILE = "2CE8BC40-1418-44FB-88DD-F4DF2EE4461C";
				TEST_HOST = "$(BUNDLE_LOADER)";
				WRAPPER_EXTENSION = xctest;
			};
			name = Release;
		};
/* End XCBuildConfiguration section */

/* Begin XCConfigurationList section */
		C87E7CB5198C566500366DF7 /* Build configuration list for PBXProject "iJumbo" */ = {
			isa = XCConfigurationList;
			buildConfigurations = (
				C87E7CEA198C566600366DF7 /* Debug */,
				C87E7CEB198C566600366DF7 /* Release */,
			);
			defaultConfigurationIsVisible = 0;
			defaultConfigurationName = Release;
		};
		C87E7CEC198C566600366DF7 /* Build configuration list for PBXNativeTarget "iJumbo" */ = {
			isa = XCConfigurationList;
			buildConfigurations = (
				C87E7CED198C566600366DF7 /* Debug */,
				C87E7CEE198C566600366DF7 /* Release */,
			);
			defaultConfigurationIsVisible = 0;
			defaultConfigurationName = Release;
		};
		C87E7CEF198C566600366DF7 /* Build configuration list for PBXNativeTarget "iJumboTests" */ = {
			isa = XCConfigurationList;
			buildConfigurations = (
				C87E7CF0198C566600366DF7 /* Debug */,
				C87E7CF1198C566600366DF7 /* Release */,
			);
			defaultConfigurationIsVisible = 0;
			defaultConfigurationName = Release;
		};
/* End XCConfigurationList section */

/* Begin XCVersionGroup section */
		C87E7CD1198C566500366DF7 /* iJumbo.xcdatamodeld */ = {
			isa = XCVersionGroup;
			children = (
				C87E7CD2198C566500366DF7 /* iJumbo.xcdatamodel */,
			);
			currentVersion = C87E7CD2198C566500366DF7 /* iJumbo.xcdatamodel */;
			path = iJumbo.xcdatamodeld;
			sourceTree = "<group>";
			versionGroupType = wrapper.xcdatamodel;
		};
/* End XCVersionGroup section */
	};
	rootObject = C87E7CB2198C566500366DF7 /* Project object */;
}
